
Microsoft Visual Studio Solution File, Format Version 12.00
# Visual Studio Version 17
VisualStudioVersion = 17.0.31825.309
MinimumVisualStudioVersion = 10.0.40219.1
Project("{9A19103F-16F7-4668-BE54-9A1E7A4F7556}") = "Proj.API", "Proj.API\Proj.API.csproj", "{348B0CAB-FFC3-4FAA-997C-60E270B068EA}"
EndProject
Project("{9A19103F-16F7-4668-BE54-9A1E7A4F7556}") = "Proj.Repository", "Proj.Repository\Proj.Repository.csproj", "{5E24AD90-4C44-4C0F-A8B4-79EF4BBC0698}"
EndProject
Project("{9A19103F-16F7-4668-BE54-9A1E7A4F7556}") = "Proj.Core", "Proj.Core\Proj.Core.csproj", "{DF7B6EC3-DA3B-4839-BB02-019D5AC98892}"
EndProject
Project("{9A19103F-16F7-4668-BE54-9A1E7A4F7556}") = "Service", "Service\Service.csproj", "{B3C1F406-7594-46B4-AD13-0E1109795930}"
EndProject
Global
	GlobalSection(SolutionConfigurationPlatforms) = preSolution
		Debug|Any CPU = Debug|Any CPU
		Release|Any CPU = Release|Any CPU
	EndGlobalSection
	GlobalSection(ProjectConfigurationPlatforms) = postSolution
		{348B0CAB-FFC3-4FAA-997C-60E270B068EA}.Debug|Any CPU.ActiveCfg = Debug|Any CPU
		{348B0CAB-FFC3-4FAA-997C-60E270B068EA}.Debug|Any CPU.Build.0 = Debug|Any CPU
		{348B0CAB-FFC3-4FAA-997C-60E270B068EA}.Release|Any CPU.ActiveCfg = Release|Any CPU
		{348B0CAB-FFC3-4FAA-997C-60E270B068EA}.Release|Any CPU.Build.0 = Release|Any CPU
		{5E24AD90-4C44-4C0F-A8B4-79EF4BBC0698}.Debug|Any CPU.ActiveCfg = Debug|Any CPU
		{5E24AD90-4C44-4C0F-A8B4-79EF4BBC0698}.Debug|Any CPU.Build.0 = Debug|Any CPU
		{5E24AD90-4C44-4C0F-A8B4-79EF4BBC0698}.Release|Any CPU.ActiveCfg = Release|Any CPU
		{5E24AD90-4C44-4C0F-A8B4-79EF4BBC0698}.Release|Any CPU.Build.0 = Release|Any CPU
		{DF7B6EC3-DA3B-4839-BB02-019D5AC98892}.Debug|Any CPU.ActiveCfg = Debug|Any CPU
		{DF7B6EC3-DA3B-4839-BB02-019D5AC98892}.Debug|Any CPU.Build.0 = Debug|Any CPU
		{DF7B6EC3-DA3B-4839-BB02-019D5AC98892}.Release|Any CPU.ActiveCfg = Release|Any CPU
		{DF7B6EC3-DA3B-4839-BB02-019D5AC98892}.Release|Any CPU.Build.0 = Release|Any CPU
		{B3C1F406-7594-46B4-AD13-0E1109795930}.Debug|Any CPU.ActiveCfg = Debug|Any CPU
		{B3C1F406-7594-46B4-AD13-0E1109795930}.Debug|Any CPU.Build.0 = Debug|Any CPU
		{B3C1F406-7594-46B4-AD13-0E1109795930}.Release|Any CPU.ActiveCfg = Release|Any CPU
		{B3C1F406-7594-46B4-AD13-0E1109795930}.Release|Any CPU.Build.0 = Release|Any CPU
	EndGlobalSection
	GlobalSection(SolutionProperties) = preSolution
		HideSolutionNode = FALSE
	EndGlobalSection
	GlobalSection(ExtensibilityGlobals) = postSolution
		SolutionGuid = {08050930-E4AF-4848-BB04-E101776DAFAB}
	EndGlobalSection
EndGlobal
